
Microsoft Visual Studio Solution File, Format Version 12.00
# Visual Studio 15
VisualStudioVersion = 15.0.26228.9
MinimumVisualStudioVersion = 10.0.40219.1
Project("{8BC9CEB8-8B4A-11D0-8D11-00A0C91BC942}") = "StringPalindrome", "StringPalindrome\StringPalindrome.vcxproj", "{CDD52012-1321-479F-ACBB-BE065A159AEE}"
EndProject
Project("{8BC9CEB8-8B4A-11D0-8D11-00A0C91BC942}") = "Classes", "Classes\Classes.vcxproj", "{00697327-CD50-4DEF-8D04-8118D9461E3A}"
EndProject
Project("{8BC9CEB8-8B4A-11D0-8D11-00A0C91BC942}") = "StringStreams", "StringStreams\StringStreams.vcxproj", "{DC85079D-E1FA-4E41-859D-E80FBE587585}"
EndProject
Project("{8BC9CEB8-8B4A-11D0-8D11-00A0C91BC942}") = "InitializationLists", "InitializationLists\InitializationLists.vcxproj", "{EF992249-6A39-4E1F-BB68-AB3CBB30EBA8}"
EndProject
Project("{8BC9CEB8-8B4A-11D0-8D11-00A0C91BC942}") = "Pointers", "Pointers\Pointers.vcxproj", "{F80CF012-3FF1-44C4-A36D-2E42937A7EA7}"
EndProject
Project("{8BC9CEB8-8B4A-11D0-8D11-00A0C91BC942}") = "PointersAndArrays", "PointersAndArrays\PointersAndArrays.vcxproj", "{5217442F-101E-4B01-82A9-286F0B7B1E37}"
EndProject
Project("{8BC9CEB8-8B4A-11D0-8D11-00A0C91BC942}") = "PointerArithmetic", "PointerArithmetic\PointerArithmetic.vcxproj", "{5A778DD2-BF7F-4A5E-8E5F-D6C91A774E97}"
EndProject
Project("{8BC9CEB8-8B4A-11D0-8D11-00A0C91BC942}") = "CharArrays", "CharArrays\CharArrays.vcxproj", "{F2EA9311-746A-4FBA-9525-86528E2B0E5E}"
EndProject
Project("{8BC9CEB8-8B4A-11D0-8D11-00A0C91BC942}") = "ReversingAString", "ReversingAString\ReversingAString.vcxproj", "{A55051F5-1ACB-4695-843E-360EE198A8E4}"
EndProject
Project("{8BC9CEB8-8B4A-11D0-8D11-00A0C91BC942}") = "References", "References\References.vcxproj", "{E089F9C5-CBAB-45C6-A50A-2E9BFFE4EEB3}"
EndProject
Project("{8BC9CEB8-8B4A-11D0-8D11-00A0C91BC942}") = "Const", "Const\Const.vcxproj", "{8044B273-4F53-4454-92C3-574ED3044033}"
EndProject
Project("{8BC9CEB8-8B4A-11D0-8D11-00A0C91BC942}") = "CopyConstructor", "CopyConstructor\CopyConstructor.vcxproj", "{3289523B-7A75-4867-8347-815200235BC2}"
EndProject
Project("{8BC9CEB8-8B4A-11D0-8D11-00A0C91BC942}") = "New", "New\New.vcxproj", "{A558CE74-9333-4B9E-ADEB-51E53E0A1461}"
EndProject
Project("{8BC9CEB8-8B4A-11D0-8D11-00A0C91BC942}") = "ReturningObjects", "ReturningObjects\ReturningObjects.vcxproj", "{18028664-3A15-4BEC-A36A-64A146A0C1F8}"
EndProject
Project("{8BC9CEB8-8B4A-11D0-8D11-00A0C91BC942}") = "MemoryAllocation", "MemoryAllocation\MemoryAllocation.vcxproj", "{FEFA17F5-4339-4476-A22D-96B4DB61F09A}"
EndProject
Project("{8BC9CEB8-8B4A-11D0-8D11-00A0C91BC942}") = "ArraysAndFunctions", "ArraysAndFunctions\ArraysAndFunctions.vcxproj", "{3B03AFCB-8382-4A95-8EB7-3079C17FF392}"
EndProject
Project("{8BC9CEB8-8B4A-11D0-8D11-00A0C91BC942}") = "Namespaces", "Namespaces\Namespaces.vcxproj", "{AADCC723-C882-46FB-815C-2D612140BDA6}"
EndProject
Project("{8BC9CEB8-8B4A-11D0-8D11-00A0C91BC942}") = "Inheritance", "Inheritance\Inheritance.vcxproj", "{DDD22CC8-03AD-4990-B0CE-71B0E5292C5C}"
EndProject
Project("{8BC9CEB8-8B4A-11D0-8D11-00A0C91BC942}") = "Encapsulation", "Encapsulation\Encapsulation.vcxproj", "{439AED17-179F-4454-A9FE-91CCAB7997F9}"
EndProject
Global
	GlobalSection(SolutionConfigurationPlatforms) = preSolution
		Debug|x64 = Debug|x64
		Debug|x86 = Debug|x86
		Release|x64 = Release|x64
		Release|x86 = Release|x86
	EndGlobalSection
	GlobalSection(ProjectConfigurationPlatforms) = postSolution
		{CDD52012-1321-479F-ACBB-BE065A159AEE}.Debug|x64.ActiveCfg = Debug|x64
		{CDD52012-1321-479F-ACBB-BE065A159AEE}.Debug|x64.Build.0 = Debug|x64
		{CDD52012-1321-479F-ACBB-BE065A159AEE}.Debug|x86.ActiveCfg = Debug|Win32
		{CDD52012-1321-479F-ACBB-BE065A159AEE}.Debug|x86.Build.0 = Debug|Win32
		{CDD52012-1321-479F-ACBB-BE065A159AEE}.Release|x64.ActiveCfg = Release|x64
		{CDD52012-1321-479F-ACBB-BE065A159AEE}.Release|x64.Build.0 = Release|x64
		{CDD52012-1321-479F-ACBB-BE065A159AEE}.Release|x86.ActiveCfg = Release|Win32
		{CDD52012-1321-479F-ACBB-BE065A159AEE}.Release|x86.Build.0 = Release|Win32
		{00697327-CD50-4DEF-8D04-8118D9461E3A}.Debug|x64.ActiveCfg = Debug|x64
		{00697327-CD50-4DEF-8D04-8118D9461E3A}.Debug|x64.Build.0 = Debug|x64
		{00697327-CD50-4DEF-8D04-8118D9461E3A}.Debug|x86.ActiveCfg = Debug|Win32
		{00697327-CD50-4DEF-8D04-8118D9461E3A}.Debug|x86.Build.0 = Debug|Win32
		{00697327-CD50-4DEF-8D04-8118D9461E3A}.Release|x64.ActiveCfg = Release|x64
		{00697327-CD50-4DEF-8D04-8118D9461E3A}.Release|x64.Build.0 = Release|x64
		{00697327-CD50-4DEF-8D04-8118D9461E3A}.Release|x86.ActiveCfg = Release|Win32
		{00697327-CD50-4DEF-8D04-8118D9461E3A}.Release|x86.Build.0 = Release|Win32
		{DC85079D-E1FA-4E41-859D-E80FBE587585}.Debug|x64.ActiveCfg = Debug|x64
		{DC85079D-E1FA-4E41-859D-E80FBE587585}.Debug|x64.Build.0 = Debug|x64
		{DC85079D-E1FA-4E41-859D-E80FBE587585}.Debug|x86.ActiveCfg = Debug|Win32
		{DC85079D-E1FA-4E41-859D-E80FBE587585}.Debug|x86.Build.0 = Debug|Win32
		{DC85079D-E1FA-4E41-859D-E80FBE587585}.Release|x64.ActiveCfg = Release|x64
		{DC85079D-E1FA-4E41-859D-E80FBE587585}.Release|x64.Build.0 = Release|x64
		{DC85079D-E1FA-4E41-859D-E80FBE587585}.Release|x86.ActiveCfg = Release|Win32
		{DC85079D-E1FA-4E41-859D-E80FBE587585}.Release|x86.Build.0 = Release|Win32
		{EF992249-6A39-4E1F-BB68-AB3CBB30EBA8}.Debug|x64.ActiveCfg = Debug|x64
		{EF992249-6A39-4E1F-BB68-AB3CBB30EBA8}.Debug|x64.Build.0 = Debug|x64
		{EF992249-6A39-4E1F-BB68-AB3CBB30EBA8}.Debug|x86.ActiveCfg = Debug|Win32
		{EF992249-6A39-4E1F-BB68-AB3CBB30EBA8}.Debug|x86.Build.0 = Debug|Win32
		{EF992249-6A39-4E1F-BB68-AB3CBB30EBA8}.Release|x64.ActiveCfg = Release|x64
		{EF992249-6A39-4E1F-BB68-AB3CBB30EBA8}.Release|x64.Build.0 = Release|x64
		{EF992249-6A39-4E1F-BB68-AB3CBB30EBA8}.Release|x86.ActiveCfg = Release|Win32
		{EF992249-6A39-4E1F-BB68-AB3CBB30EBA8}.Release|x86.Build.0 = Release|Win32
		{F80CF012-3FF1-44C4-A36D-2E42937A7EA7}.Debug|x64.ActiveCfg = Debug|x64
		{F80CF012-3FF1-44C4-A36D-2E42937A7EA7}.Debug|x64.Build.0 = Debug|x64
		{F80CF012-3FF1-44C4-A36D-2E42937A7EA7}.Debug|x86.ActiveCfg = Debug|Win32
		{F80CF012-3FF1-44C4-A36D-2E42937A7EA7}.Debug|x86.Build.0 = Debug|Win32
		{F80CF012-3FF1-44C4-A36D-2E42937A7EA7}.Release|x64.ActiveCfg = Release|x64
		{F80CF012-3FF1-44C4-A36D-2E42937A7EA7}.Release|x64.Build.0 = Release|x64
		{F80CF012-3FF1-44C4-A36D-2E42937A7EA7}.Release|x86.ActiveCfg = Release|Win32
		{F80CF012-3FF1-44C4-A36D-2E42937A7EA7}.Release|x86.Build.0 = Release|Win32
		{5217442F-101E-4B01-82A9-286F0B7B1E37}.Debug|x64.ActiveCfg = Debug|x64
		{5217442F-101E-4B01-82A9-286F0B7B1E37}.Debug|x64.Build.0 = Debug|x64
		{5217442F-101E-4B01-82A9-286F0B7B1E37}.Debug|x86.ActiveCfg = Debug|Win32
		{5217442F-101E-4B01-82A9-286F0B7B1E37}.Debug|x86.Build.0 = Debug|Win32
		{5217442F-101E-4B01-82A9-286F0B7B1E37}.Release|x64.ActiveCfg = Release|x64
		{5217442F-101E-4B01-82A9-286F0B7B1E37}.Release|x64.Build.0 = Release|x64
		{5217442F-101E-4B01-82A9-286F0B7B1E37}.Release|x86.ActiveCfg = Release|Win32
		{5217442F-101E-4B01-82A9-286F0B7B1E37}.Release|x86.Build.0 = Release|Win32
		{5A778DD2-BF7F-4A5E-8E5F-D6C91A774E97}.Debug|x64.ActiveCfg = Debug|x64
		{5A778DD2-BF7F-4A5E-8E5F-D6C91A774E97}.Debug|x64.Build.0 = Debug|x64
		{5A778DD2-BF7F-4A5E-8E5F-D6C91A774E97}.Debug|x86.ActiveCfg = Debug|Win32
		{5A778DD2-BF7F-4A5E-8E5F-D6C91A774E97}.Debug|x86.Build.0 = Debug|Win32
		{5A778DD2-BF7F-4A5E-8E5F-D6C91A774E97}.Release|x64.ActiveCfg = Release|x64
		{5A778DD2-BF7F-4A5E-8E5F-D6C91A774E97}.Release|x64.Build.0 = Release|x64
		{5A778DD2-BF7F-4A5E-8E5F-D6C91A774E97}.Release|x86.ActiveCfg = Release|Win32
		{5A778DD2-BF7F-4A5E-8E5F-D6C91A774E97}.Release|x86.Build.0 = Release|Win32
		{F2EA9311-746A-4FBA-9525-86528E2B0E5E}.Debug|x64.ActiveCfg = Debug|x64
		{F2EA9311-746A-4FBA-9525-86528E2B0E5E}.Debug|x64.Build.0 = Debug|x64
		{F2EA9311-746A-4FBA-9525-86528E2B0E5E}.Debug|x86.ActiveCfg = Debug|Win32
		{F2EA9311-746A-4FBA-9525-86528E2B0E5E}.Debug|x86.Build.0 = Debug|Win32
		{F2EA9311-746A-4FBA-9525-86528E2B0E5E}.Release|x64.ActiveCfg = Release|x64
		{F2EA9311-746A-4FBA-9525-86528E2B0E5E}.Release|x64.Build.0 = Release|x64
		{F2EA9311-746A-4FBA-9525-86528E2B0E5E}.Release|x86.ActiveCfg = Release|Win32
		{F2EA9311-746A-4FBA-9525-86528E2B0E5E}.Release|x86.Build.0 = Release|Win32
		{A55051F5-1ACB-4695-843E-360EE198A8E4}.Debug|x64.ActiveCfg = Debug|x64
		{A55051F5-1ACB-4695-843E-360EE198A8E4}.Debug|x64.Build.0 = Debug|x64
		{A55051F5-1ACB-4695-843E-360EE198A8E4}.Debug|x86.ActiveCfg = Debug|Win32
		{A55051F5-1ACB-4695-843E-360EE198A8E4}.Debug|x86.Build.0 = Debug|Win32
		{A55051F5-1ACB-4695-843E-360EE198A8E4}.Release|x64.ActiveCfg = Release|x64
		{A55051F5-1ACB-4695-843E-360EE198A8E4}.Release|x64.Build.0 = Release|x64
		{A55051F5-1ACB-4695-843E-360EE198A8E4}.Release|x86.ActiveCfg = Release|Win32
		{A55051F5-1ACB-4695-843E-360EE198A8E4}.Release|x86.Build.0 = Release|Win32
		{E089F9C5-CBAB-45C6-A50A-2E9BFFE4EEB3}.Debug|x64.ActiveCfg = Debug|x64
		{E089F9C5-CBAB-45C6-A50A-2E9BFFE4EEB3}.Debug|x64.Build.0 = Debug|x64
		{E089F9C5-CBAB-45C6-A50A-2E9BFFE4EEB3}.Debug|x86.ActiveCfg = Debug|Win32
		{E089F9C5-CBAB-45C6-A50A-2E9BFFE4EEB3}.Debug|x86.Build.0 = Debug|Win32
		{E089F9C5-CBAB-45C6-A50A-2E9BFFE4EEB3}.Release|x64.ActiveCfg = Release|x64
		{E089F9C5-CBAB-45C6-A50A-2E9BFFE4EEB3}.Release|x64.Build.0 = Release|x64
		{E089F9C5-CBAB-45C6-A50A-2E9BFFE4EEB3}.Release|x86.ActiveCfg = Release|Win32
		{E089F9C5-CBAB-45C6-A50A-2E9BFFE4EEB3}.Release|x86.Build.0 = Release|Win32
		{8044B273-4F53-4454-92C3-574ED3044033}.Debug|x64.ActiveCfg = Debug|x64
		{8044B273-4F53-4454-92C3-574ED3044033}.Debug|x64.Build.0 = Debug|x64
		{8044B273-4F53-4454-92C3-574ED3044033}.Debug|x86.ActiveCfg = Debug|Win32
		{8044B273-4F53-4454-92C3-574ED3044033}.Debug|x86.Build.0 = Debug|Win32
		{8044B273-4F53-4454-92C3-574ED3044033}.Release|x64.ActiveCfg = Release|x64
		{8044B273-4F53-4454-92C3-574ED3044033}.Release|x64.Build.0 = Release|x64
		{8044B273-4F53-4454-92C3-574ED3044033}.Release|x86.ActiveCfg = Release|Win32
		{8044B273-4F53-4454-92C3-574ED3044033}.Release|x86.Build.0 = Release|Win32
		{3289523B-7A75-4867-8347-815200235BC2}.Debug|x64.ActiveCfg = Debug|x64
		{3289523B-7A75-4867-8347-815200235BC2}.Debug|x64.Build.0 = Debug|x64
		{3289523B-7A75-4867-8347-815200235BC2}.Debug|x86.ActiveCfg = Debug|Win32
		{3289523B-7A75-4867-8347-815200235BC2}.Debug|x86.Build.0 = Debug|Win32
		{3289523B-7A75-4867-8347-815200235BC2}.Release|x64.ActiveCfg = Release|x64
		{3289523B-7A75-4867-8347-815200235BC2}.Release|x64.Build.0 = Release|x64
		{3289523B-7A75-4867-8347-815200235BC2}.Release|x86.ActiveCfg = Release|Win32
		{3289523B-7A75-4867-8347-815200235BC2}.Release|x86.Build.0 = Release|Win32
		{A558CE74-9333-4B9E-ADEB-51E53E0A1461}.Debug|x64.ActiveCfg = Debug|x64
		{A558CE74-9333-4B9E-ADEB-51E53E0A1461}.Debug|x64.Build.0 = Debug|x64
		{A558CE74-9333-4B9E-ADEB-51E53E0A1461}.Debug|x86.ActiveCfg = Debug|Win32
		{A558CE74-9333-4B9E-ADEB-51E53E0A1461}.Debug|x86.Build.0 = Debug|Win32
		{A558CE74-9333-4B9E-ADEB-51E53E0A1461}.Release|x64.ActiveCfg = Release|x64
		{A558CE74-9333-4B9E-ADEB-51E53E0A1461}.Release|x64.Build.0 = Release|x64
		{A558CE74-9333-4B9E-ADEB-51E53E0A1461}.Release|x86.ActiveCfg = Release|Win32
		{A558CE74-9333-4B9E-ADEB-51E53E0A1461}.Release|x86.Build.0 = Release|Win32
		{18028664-3A15-4BEC-A36A-64A146A0C1F8}.Debug|x64.ActiveCfg = Debug|x64
		{18028664-3A15-4BEC-A36A-64A146A0C1F8}.Debug|x64.Build.0 = Debug|x64
		{18028664-3A15-4BEC-A36A-64A146A0C1F8}.Debug|x86.ActiveCfg = Debug|Win32
		{18028664-3A15-4BEC-A36A-64A146A0C1F8}.Debug|x86.Build.0 = Debug|Win32
		{18028664-3A15-4BEC-A36A-64A146A0C1F8}.Release|x64.ActiveCfg = Release|x64
		{18028664-3A15-4BEC-A36A-64A146A0C1F8}.Release|x64.Build.0 = Release|x64
		{18028664-3A15-4BEC-A36A-64A146A0C1F8}.Release|x86.ActiveCfg = Release|Win32
		{18028664-3A15-4BEC-A36A-64A146A0C1F8}.Release|x86.Build.0 = Release|Win32
		{FEFA17F5-4339-4476-A22D-96B4DB61F09A}.Debug|x64.ActiveCfg = Debug|x64
		{FEFA17F5-4339-4476-A22D-96B4DB61F09A}.Debug|x64.Build.0 = Debug|x64
		{FEFA17F5-4339-4476-A22D-96B4DB61F09A}.Debug|x86.ActiveCfg = Debug|Win32
		{FEFA17F5-4339-4476-A22D-96B4DB61F09A}.Debug|x86.Build.0 = Debug|Win32
		{FEFA17F5-4339-4476-A22D-96B4DB61F09A}.Release|x64.ActiveCfg = Release|x64
		{FEFA17F5-4339-4476-A22D-96B4DB61F09A}.Release|x64.Build.0 = Release|x64
		{FEFA17F5-4339-4476-A22D-96B4DB61F09A}.Release|x86.ActiveCfg = Release|Win32
		{FEFA17F5-4339-4476-A22D-96B4DB61F09A}.Release|x86.Build.0 = Release|Win32
		{3B03AFCB-8382-4A95-8EB7-3079C17FF392}.Debug|x64.ActiveCfg = Debug|x64
		{3B03AFCB-8382-4A95-8EB7-3079C17FF392}.Debug|x64.Build.0 = Debug|x64
		{3B03AFCB-8382-4A95-8EB7-3079C17FF392}.Debug|x86.ActiveCfg = Debug|Win32
		{3B03AFCB-8382-4A95-8EB7-3079C17FF392}.Debug|x86.Build.0 = Debug|Win32
		{3B03AFCB-8382-4A95-8EB7-3079C17FF392}.Release|x64.ActiveCfg = Release|x64
		{3B03AFCB-8382-4A95-8EB7-3079C17FF392}.Release|x64.Build.0 = Release|x64
		{3B03AFCB-8382-4A95-8EB7-3079C17FF392}.Release|x86.ActiveCfg = Release|Win32
		{3B03AFCB-8382-4A95-8EB7-3079C17FF392}.Release|x86.Build.0 = Release|Win32
		{AADCC723-C882-46FB-815C-2D612140BDA6}.Debug|x64.ActiveCfg = Debug|x64
		{AADCC723-C882-46FB-815C-2D612140BDA6}.Debug|x64.Build.0 = Debug|x64
		{AADCC723-C882-46FB-815C-2D612140BDA6}.Debug|x86.ActiveCfg = Debug|Win32
		{AADCC723-C882-46FB-815C-2D612140BDA6}.Debug|x86.Build.0 = Debug|Win32
		{AADCC723-C882-46FB-815C-2D612140BDA6}.Release|x64.ActiveCfg = Release|x64
		{AADCC723-C882-46FB-815C-2D612140BDA6}.Release|x64.Build.0 = Release|x64
		{AADCC723-C882-46FB-815C-2D612140BDA6}.Release|x86.ActiveCfg = Release|Win32
		{AADCC723-C882-46FB-815C-2D612140BDA6}.Release|x86.Build.0 = Release|Win32
		{DDD22CC8-03AD-4990-B0CE-71B0E5292C5C}.Debug|x64.ActiveCfg = Debug|x64
		{DDD22CC8-03AD-4990-B0CE-71B0E5292C5C}.Debug|x64.Build.0 = Debug|x64
		{DDD22CC8-03AD-4990-B0CE-71B0E5292C5C}.Debug|x86.ActiveCfg = Debug|Win32
		{DDD22CC8-03AD-4990-B0CE-71B0E5292C5C}.Debug|x86.Build.0 = Debug|Win32
		{DDD22CC8-03AD-4990-B0CE-71B0E5292C5C}.Release|x64.ActiveCfg = Release|x64
		{DDD22CC8-03AD-4990-B0CE-71B0E5292C5C}.Release|x64.Build.0 = Release|x64
		{DDD22CC8-03AD-4990-B0CE-71B0E5292C5C}.Release|x86.ActiveCfg = Release|Win32
		{DDD22CC8-03AD-4990-B0CE-71B0E5292C5C}.Release|x86.Build.0 = Release|Win32
		{439AED17-179F-4454-A9FE-91CCAB7997F9}.Debug|x64.ActiveCfg = Debug|x64
		{439AED17-179F-4454-A9FE-91CCAB7997F9}.Debug|x64.Build.0 = Debug|x64
		{439AED17-179F-4454-A9FE-91CCAB7997F9}.Debug|x86.ActiveCfg = Debug|Win32
		{439AED17-179F-4454-A9FE-91CCAB7997F9}.Debug|x86.Build.0 = Debug|Win32
		{439AED17-179F-4454-A9FE-91CCAB7997F9}.Release|x64.ActiveCfg = Release|x64
		{439AED17-179F-4454-A9FE-91CCAB7997F9}.Release|x64.Build.0 = Release|x64
		{439AED17-179F-4454-A9FE-91CCAB7997F9}.Release|x86.ActiveCfg = Release|Win32
		{439AED17-179F-4454-A9FE-91CCAB7997F9}.Release|x86.Build.0 = Release|Win32
	EndGlobalSection
	GlobalSection(SolutionProperties) = preSolution
		HideSolutionNode = FALSE
	EndGlobalSection
	GlobalSection(ExtensibilityGlobals) = postSolution
		SolutionGuid = {9D4DB930-9949-4D4E-A643-A63CE944613D}
	EndGlobalSection
EndGlobal
